// !$*UTF8*$!
{
	archiveVersion = 1;
	classes = {
	};
	objectVersion = 56;
	objects = {

/* Begin PBXBuildFile section */
		F2098D832926DED100FDEB5A /* evolveBody.cpp in Sources */ = {isa = PBXBuildFile; fileRef = F2098D812926DED100FDEB5A /* evolveBody.cpp */; };
		F23361BC29195FFA00098043 /* createObject.cpp in Sources */ = {isa = PBXBuildFile; fileRef = F23361BA29195FFA00098043 /* createObject.cpp */; };
		F23361BF291982A700098043 /* evolve.cpp in Sources */ = {isa = PBXBuildFile; fileRef = F23361BD291982A700098043 /* evolve.cpp */; };
		F23361C22919E44300098043 /* draw.cpp in Sources */ = {isa = PBXBuildFile; fileRef = F23361C02919E44300098043 /* draw.cpp */; };
		F2BFADA7290D95870056388D /* setPoints.cpp in Sources */ = {isa = PBXBuildFile; fileRef = F2BFADA5290D95870056388D /* setPoints.cpp */; };
		F2E9C7EF29033F48002263B6 /* main.cpp in Sources */ = {isa = PBXBuildFile; fileRef = F2E9C7EE29033F48002263B6 /* main.cpp */; };
		F2E9C7F729033F6E002263B6 /* OpenGL.framework in Frameworks */ = {isa = PBXBuildFile; fileRef = F2E9C7F629033F6E002263B6 /* OpenGL.framework */; };
		F2E9C7FB290345C9002263B6 /* libGLEW.2.2.0.dylib in Frameworks */ = {isa = PBXBuildFile; fileRef = F2E9C7FA290345C9002263B6 /* libGLEW.2.2.0.dylib */; };
		F2E9C7FD290345E9002263B6 /* libglfw.3.3.dylib in Frameworks */ = {isa = PBXBuildFile; fileRef = F2E9C7FC290345E9002263B6 /* libglfw.3.3.dylib */; };
		F2E9C80A29047D78002263B6 /* shader.cpp in Sources */ = {isa = PBXBuildFile; fileRef = F2E9C80829047D78002263B6 /* shader.cpp */; };
		F2E9C8122904CFCE002263B6 /* controls.cpp in Sources */ = {isa = PBXBuildFile; fileRef = F2E9C8102904CFCE002263B6 /* controls.cpp */; };
		F2E9C8152904D153002263B6 /* texture.cpp in Sources */ = {isa = PBXBuildFile; fileRef = F2E9C8132904D153002263B6 /* texture.cpp */; };
/* End PBXBuildFile section */

/* Begin PBXCopyFilesBuildPhase section */
		F2E9C7E929033F48002263B6 /* CopyFiles */ = {
			isa = PBXCopyFilesBuildPhase;
			buildActionMask = 2147483647;
			dstPath = /usr/share/man/man1/;
			dstSubfolderSpec = 0;
			files = (
			);
			runOnlyForDeploymentPostprocessing = 1;
		};
/* End PBXCopyFilesBuildPhase section */

/* Begin PBXFileReference section */
		F2098D812926DED100FDEB5A /* evolveBody.cpp */ = {isa = PBXFileReference; lastKnownFileType = sourcecode.cpp.cpp; path = evolveBody.cpp; sourceTree = "<group>"; };
		F2098D822926DED100FDEB5A /* evolveBody.hpp */ = {isa = PBXFileReference; lastKnownFileType = sourcecode.cpp.h; path = evolveBody.hpp; sourceTree = "<group>"; };
		F21AA3B3291042C800DF7ED4 /* FloorFragmentShader.fragmentshader.glsl */ = {isa = PBXFileReference; fileEncoding = 4; lastKnownFileType = text; path = FloorFragmentShader.fragmentshader.glsl; sourceTree = "<group>"; };
		F21AA3B4291042D200DF7ED4 /* FloorVertexShader.vertexshader.glsl */ = {isa = PBXFileReference; fileEncoding = 4; lastKnownFileType = text; path = FloorVertexShader.vertexshader.glsl; sourceTree = "<group>"; };
		F21AA3B52912E3B300DF7ED4 /* README.md */ = {isa = PBXFileReference; lastKnownFileType = net.daringfireball.markdown; path = README.md; sourceTree = "<group>"; };
		F23361BA29195FFA00098043 /* createObject.cpp */ = {isa = PBXFileReference; lastKnownFileType = sourcecode.cpp.cpp; path = createObject.cpp; sourceTree = "<group>"; };
		F23361BB29195FFA00098043 /* createObject.hpp */ = {isa = PBXFileReference; lastKnownFileType = sourcecode.cpp.h; path = createObject.hpp; sourceTree = "<group>"; };
		F23361BD291982A700098043 /* evolve.cpp */ = {isa = PBXFileReference; lastKnownFileType = sourcecode.cpp.cpp; path = evolve.cpp; sourceTree = "<group>"; };
		F23361BE291982A700098043 /* evolve.hpp */ = {isa = PBXFileReference; lastKnownFileType = sourcecode.cpp.h; path = evolve.hpp; sourceTree = "<group>"; };
		F23361C02919E44300098043 /* draw.cpp */ = {isa = PBXFileReference; lastKnownFileType = sourcecode.cpp.cpp; path = draw.cpp; sourceTree = "<group>"; };
		F23361C12919E44300098043 /* draw.hpp */ = {isa = PBXFileReference; lastKnownFileType = sourcecode.cpp.h; path = draw.hpp; sourceTree = "<group>"; };
		F2BFADA5290D95870056388D /* setPoints.cpp */ = {isa = PBXFileReference; lastKnownFileType = sourcecode.cpp.cpp; path = setPoints.cpp; sourceTree = "<group>"; };
		F2BFADA6290D95870056388D /* setPoints.hpp */ = {isa = PBXFileReference; lastKnownFileType = sourcecode.cpp.h; path = setPoints.hpp; sourceTree = "<group>"; };
		F2BFADA9290DA2510056388D /* utility.h */ = {isa = PBXFileReference; lastKnownFileType = sourcecode.c.h; path = utility.h; sourceTree = "<group>"; };
		F2E9C7EB29033F48002263B6 /* soft-robots */ = {isa = PBXFileReference; explicitFileType = "compiled.mach-o.executable"; includeInIndex = 0; path = "soft-robots"; sourceTree = BUILT_PRODUCTS_DIR; };
		F2E9C7EE29033F48002263B6 /* main.cpp */ = {isa = PBXFileReference; lastKnownFileType = sourcecode.cpp.cpp; path = main.cpp; sourceTree = "<group>"; };
		F2E9C7F629033F6E002263B6 /* OpenGL.framework */ = {isa = PBXFileReference; lastKnownFileType = wrapper.framework; name = OpenGL.framework; path = System/Library/Frameworks/OpenGL.framework; sourceTree = SDKROOT; };
		F2E9C7F829033F81002263B6 /* GLUT.framework */ = {isa = PBXFileReference; lastKnownFileType = wrapper.framework; name = GLUT.framework; path = System/Library/Frameworks/GLUT.framework; sourceTree = SDKROOT; };
		F2E9C7FA290345C9002263B6 /* libGLEW.2.2.0.dylib */ = {isa = PBXFileReference; lastKnownFileType = "compiled.mach-o.dylib"; name = libGLEW.2.2.0.dylib; path = ../../../../../opt/homebrew/Cellar/glew/2.2.0_1/lib/libGLEW.2.2.0.dylib; sourceTree = "<group>"; };
		F2E9C7FC290345E9002263B6 /* libglfw.3.3.dylib */ = {isa = PBXFileReference; lastKnownFileType = "compiled.mach-o.dylib"; name = libglfw.3.3.dylib; path = ../../../../../opt/homebrew/Cellar/glfw/3.3.8/lib/libglfw.3.3.dylib; sourceTree = "<group>"; };
		F2E9C80829047D78002263B6 /* shader.cpp */ = {isa = PBXFileReference; lastKnownFileType = sourcecode.cpp.cpp; path = shader.cpp; sourceTree = "<group>"; };
		F2E9C80929047D78002263B6 /* shader.hpp */ = {isa = PBXFileReference; lastKnownFileType = sourcecode.cpp.h; path = shader.hpp; sourceTree = "<group>"; };
		F2E9C80C29047E25002263B6 /* SimpleFragmentShader.fragmentshader.glsl */ = {isa = PBXFileReference; lastKnownFileType = text; path = SimpleFragmentShader.fragmentshader.glsl; sourceTree = "<group>"; };
		F2E9C80D29047E51002263B6 /* SimpleVertexShader.vertexshader.glsl */ = {isa = PBXFileReference; lastKnownFileType = text; path = SimpleVertexShader.vertexshader.glsl; sourceTree = "<group>"; };
		F2E9C80E2904866B002263B6 /* 0.9.9.8 */ = {isa = PBXFileReference; lastKnownFileType = folder; name = 0.9.9.8; path = ../../../../../opt/homebrew/Cellar/glm/0.9.9.8; sourceTree = "<group>"; };
		F2E9C8102904CFCE002263B6 /* controls.cpp */ = {isa = PBXFileReference; lastKnownFileType = sourcecode.cpp.cpp; path = controls.cpp; sourceTree = "<group>"; };
		F2E9C8112904CFCE002263B6 /* controls.hpp */ = {isa = PBXFileReference; lastKnownFileType = sourcecode.cpp.h; path = controls.hpp; sourceTree = "<group>"; };
		F2E9C8132904D153002263B6 /* texture.cpp */ = {isa = PBXFileReference; lastKnownFileType = sourcecode.cpp.cpp; path = texture.cpp; sourceTree = "<group>"; };
		F2E9C8142904D153002263B6 /* texture.hpp */ = {isa = PBXFileReference; lastKnownFileType = sourcecode.cpp.h; path = texture.hpp; sourceTree = "<group>"; };
/* End PBXFileReference section */

/* Begin PBXFrameworksBuildPhase section */
		F2E9C7E829033F48002263B6 /* Frameworks */ = {
			isa = PBXFrameworksBuildPhase;
			buildActionMask = 2147483647;
			files = (
				F2E9C7FD290345E9002263B6 /* libglfw.3.3.dylib in Frameworks */,
				F2E9C7FB290345C9002263B6 /* libGLEW.2.2.0.dylib in Frameworks */,
				F2E9C7F729033F6E002263B6 /* OpenGL.framework in Frameworks */,
			);
			runOnlyForDeploymentPostprocessing = 0;
		};
/* End PBXFrameworksBuildPhase section */

/* Begin PBXGroup section */
		F2E9C7E229033F48002263B6 = {
			isa = PBXGroup;
			children = (
				F2E9C7ED29033F48002263B6 /* soft-robots */,
				F2E9C7EC29033F48002263B6 /* Products */,
				F2E9C7F529033F6E002263B6 /* Frameworks */,
			);
			sourceTree = "<group>";
		};
		F2E9C7EC29033F48002263B6 /* Products */ = {
			isa = PBXGroup;
			children = (
				F2E9C7EB29033F48002263B6 /* soft-robots */,
			);
			name = Products;
			sourceTree = "<group>";
		};
		F2E9C7ED29033F48002263B6 /* soft-robots */ = {
			isa = PBXGroup;
			children = (
				F2E9C80B29047DB8002263B6 /* shaders */,
				F2E9C80729047D69002263B6 /* common */,
				F2E9C7EE29033F48002263B6 /* main.cpp */,
				F2BFADA5290D95870056388D /* setPoints.cpp */,
				F2BFADA6290D95870056388D /* setPoints.hpp */,
				F2BFADA9290DA2510056388D /* utility.h */,
				F21AA3B52912E3B300DF7ED4 /* README.md */,
				F23361BA29195FFA00098043 /* createObject.cpp */,
				F23361BB29195FFA00098043 /* createObject.hpp */,
				F23361BD291982A700098043 /* evolve.cpp */,
				F23361BE291982A700098043 /* evolve.hpp */,
				F23361C02919E44300098043 /* draw.cpp */,
				F23361C12919E44300098043 /* draw.hpp */,
				F2098D812926DED100FDEB5A /* evolveBody.cpp */,
				F2098D822926DED100FDEB5A /* evolveBody.hpp */,
			);
			path = "soft-robots";
			sourceTree = "<group>";
		};
		F2E9C7F529033F6E002263B6 /* Frameworks */ = {
			isa = PBXGroup;
			children = (
				F2E9C80E2904866B002263B6 /* 0.9.9.8 */,
				F2E9C7FC290345E9002263B6 /* libglfw.3.3.dylib */,
				F2E9C7FA290345C9002263B6 /* libGLEW.2.2.0.dylib */,
				F2E9C7F829033F81002263B6 /* GLUT.framework */,
				F2E9C7F629033F6E002263B6 /* OpenGL.framework */,
			);
			name = Frameworks;
			sourceTree = "<group>";
		};
		F2E9C80729047D69002263B6 /* common */ = {
			isa = PBXGroup;
			children = (
				F2E9C80829047D78002263B6 /* shader.cpp */,
				F2E9C80929047D78002263B6 /* shader.hpp */,
				F2E9C8102904CFCE002263B6 /* controls.cpp */,
				F2E9C8112904CFCE002263B6 /* controls.hpp */,
				F2E9C8132904D153002263B6 /* texture.cpp */,
				F2E9C8142904D153002263B6 /* texture.hpp */,
			);
			path = common;
			sourceTree = "<group>";
		};
		F2E9C80B29047DB8002263B6 /* shaders */ = {
			isa = PBXGroup;
			children = (
				F21AA3B4291042D200DF7ED4 /* FloorVertexShader.vertexshader.glsl */,
				F21AA3B3291042C800DF7ED4 /* FloorFragmentShader.fragmentshader.glsl */,
				F2E9C80C29047E25002263B6 /* SimpleFragmentShader.fragmentshader.glsl */,
				F2E9C80D29047E51002263B6 /* SimpleVertexShader.vertexshader.glsl */,
			);
			path = shaders;
			sourceTree = "<group>";
		};
/* End PBXGroup section */

/* Begin PBXNativeTarget section */
		F2E9C7EA29033F48002263B6 /* soft-robots */ = {
			isa = PBXNativeTarget;
			buildConfigurationList = F2E9C7F229033F48002263B6 /* Build configuration list for PBXNativeTarget "soft-robots" */;
			buildPhases = (
				F2E9C7E729033F48002263B6 /* Sources */,
				F2E9C7E829033F48002263B6 /* Frameworks */,
				F2E9C7E929033F48002263B6 /* CopyFiles */,
			);
			buildRules = (
			);
			dependencies = (
			);
			name = "soft-robots";
			productName = "soft-robots";
			productReference = F2E9C7EB29033F48002263B6 /* soft-robots */;
			productType = "com.apple.product-type.tool";
		};
/* End PBXNativeTarget section */

/* Begin PBXProject section */
		F2E9C7E329033F48002263B6 /* Project object */ = {
			isa = PBXProject;
			attributes = {
				BuildIndependentTargetsInParallel = 1;
				LastUpgradeCheck = 1400;
				TargetAttributes = {
					F2E9C7EA29033F48002263B6 = {
						CreatedOnToolsVersion = 14.0.1;
					};
				};
			};
			buildConfigurationList = F2E9C7E629033F48002263B6 /* Build configuration list for PBXProject "soft-robots" */;
			compatibilityVersion = "Xcode 14.0";
			developmentRegion = en;
			hasScannedForEncodings = 0;
			knownRegions = (
				en,
				Base,
			);
			mainGroup = F2E9C7E229033F48002263B6;
			productRefGroup = F2E9C7EC29033F48002263B6 /* Products */;
			projectDirPath = "";
			projectRoot = "";
			targets = (
				F2E9C7EA29033F48002263B6 /* soft-robots */,
			);
		};
/* End PBXProject section */

/* Begin PBXSourcesBuildPhase section */
		F2E9C7E729033F48002263B6 /* Sources */ = {
			isa = PBXSourcesBuildPhase;
			buildActionMask = 2147483647;
			files = (
				F23361BC29195FFA00098043 /* createObject.cpp in Sources */,
				F2E9C80A29047D78002263B6 /* shader.cpp in Sources */,
				F2E9C8152904D153002263B6 /* texture.cpp in Sources */,
				F2E9C7EF29033F48002263B6 /* main.cpp in Sources */,
				F2BFADA7290D95870056388D /* setPoints.cpp in Sources */,
				F23361BF291982A700098043 /* evolve.cpp in Sources */,
				F2E9C8122904CFCE002263B6 /* controls.cpp in Sources */,
				F23361C22919E44300098043 /* draw.cpp in Sources */,
				F2098D832926DED100FDEB5A /* evolveBody.cpp in Sources */,
			);
			runOnlyForDeploymentPostprocessing = 0;
		};
/* End PBXSourcesBuildPhase section */

/* Begin XCBuildConfiguration section */
		F2E9C7F029033F48002263B6 /* Debug */ = {
			isa = XCBuildConfiguration;
			buildSettings = {
				ALWAYS_SEARCH_USER_PATHS = NO;
				CLANG_ANALYZER_NONNULL = YES;
				CLANG_ANALYZER_NUMBER_OBJECT_CONVERSION = YES_AGGRESSIVE;
				CLANG_CXX_LANGUAGE_STANDARD = "gnu++20";
				CLANG_ENABLE_MODULES = YES;
				CLANG_ENABLE_OBJC_ARC = YES;
				CLANG_ENABLE_OBJC_WEAK = YES;
				CLANG_WARN_BLOCK_CAPTURE_AUTORELEASING = YES;
				CLANG_WARN_BOOL_CONVERSION = YES;
				CLANG_WARN_COMMA = YES;
				CLANG_WARN_CONSTANT_CONVERSION = YES;
				CLANG_WARN_DEPRECATED_OBJC_IMPLEMENTATIONS = YES;
				CLANG_WARN_DIRECT_OBJC_ISA_USAGE = YES_ERROR;
				CLANG_WARN_DOCUMENTATION_COMMENTS = YES;
				CLANG_WARN_EMPTY_BODY = YES;
				CLANG_WARN_ENUM_CONVERSION = YES;
				CLANG_WARN_INFINITE_RECURSION = YES;
				CLANG_WARN_INT_CONVERSION = YES;
				CLANG_WARN_NON_LITERAL_NULL_CONVERSION = YES;
				CLANG_WARN_OBJC_IMPLICIT_RETAIN_SELF = YES;
				CLANG_WARN_OBJC_LITERAL_CONVERSION = YES;
				CLANG_WARN_OBJC_ROOT_CLASS = YES_ERROR;
				CLANG_WARN_QUOTED_INCLUDE_IN_FRAMEWORK_HEADER = YES;
				CLANG_WARN_RANGE_LOOP_ANALYSIS = YES;
				CLANG_WARN_STRICT_PROTOTYPES = YES;
				CLANG_WARN_SUSPICIOUS_MOVE = YES;
				CLANG_WARN_UNGUARDED_AVAILABILITY = YES_AGGRESSIVE;
				CLANG_WARN_UNREACHABLE_CODE = YES;
				CLANG_WARN__DUPLICATE_METHOD_MATCH = YES;
				COPY_PHASE_STRIP = NO;
				DEBUG_INFORMATION_FORMAT = dwarf;
				ENABLE_STRICT_OBJC_MSGSEND = YES;
				ENABLE_TESTABILITY = YES;
				GCC_C_LANGUAGE_STANDARD = gnu11;
				GCC_DYNAMIC_NO_PIC = NO;
				GCC_NO_COMMON_BLOCKS = YES;
				GCC_OPTIMIZATION_LEVEL = 0;
				GCC_PREPROCESSOR_DEFINITIONS = (
					"DEBUG=1",
					"$(inherited)",
				);
				GCC_WARN_64_TO_32_BIT_CONVERSION = YES;
				GCC_WARN_ABOUT_RETURN_TYPE = YES_ERROR;
				GCC_WARN_UNDECLARED_SELECTOR = YES;
				GCC_WARN_UNINITIALIZED_AUTOS = YES_AGGRESSIVE;
				GCC_WARN_UNUSED_FUNCTION = YES;
				GCC_WARN_UNUSED_VARIABLE = YES;
				MACOSX_DEPLOYMENT_TARGET = 12.3;
				MTL_ENABLE_DEBUG_INFO = INCLUDE_SOURCE;
				MTL_FAST_MATH = YES;
				ONLY_ACTIVE_ARCH = YES;
				OTHER_CFLAGS = "";
				SDKROOT = macosx;
			};
			name = Debug;
		};
		F2E9C7F129033F48002263B6 /* Release */ = {
			isa = XCBuildConfiguration;
			buildSettings = {
				ALWAYS_SEARCH_USER_PATHS = NO;
				CLANG_ANALYZER_NONNULL = YES;
				CLANG_ANALYZER_NUMBER_OBJECT_CONVERSION = YES_AGGRESSIVE;
				CLANG_CXX_LANGUAGE_STANDARD = "gnu++20";
				CLANG_ENABLE_MODULES = YES;
				CLANG_ENABLE_OBJC_ARC = YES;
				CLANG_ENABLE_OBJC_WEAK = YES;
				CLANG_WARN_BLOCK_CAPTURE_AUTORELEASING = YES;
				CLANG_WARN_BOOL_CONVERSION = YES;
				CLANG_WARN_COMMA = YES;
				CLANG_WARN_CONSTANT_CONVERSION = YES;
				CLANG_WARN_DEPRECATED_OBJC_IMPLEMENTATIONS = YES;
				CLANG_WARN_DIRECT_OBJC_ISA_USAGE = YES_ERROR;
				CLANG_WARN_DOCUMENTATION_COMMENTS = YES;
				CLANG_WARN_EMPTY_BODY = YES;
				CLANG_WARN_ENUM_CONVERSION = YES;
				CLANG_WARN_INFINITE_RECURSION = YES;
				CLANG_WARN_INT_CONVERSION = YES;
				CLANG_WARN_NON_LITERAL_NULL_CONVERSION = YES;
				CLANG_WARN_OBJC_IMPLICIT_RETAIN_SELF = YES;
				CLANG_WARN_OBJC_LITERAL_CONVERSION = YES;
				CLANG_WARN_OBJC_ROOT_CLASS = YES_ERROR;
				CLANG_WARN_QUOTED_INCLUDE_IN_FRAMEWORK_HEADER = YES;
				CLANG_WARN_RANGE_LOOP_ANALYSIS = YES;
				CLANG_WARN_STRICT_PROTOTYPES = YES;
				CLANG_WARN_SUSPICIOUS_MOVE = YES;
				CLANG_WARN_UNGUARDED_AVAILABILITY = YES_AGGRESSIVE;
				CLANG_WARN_UNREACHABLE_CODE = YES;
				CLANG_WARN__DUPLICATE_METHOD_MATCH = YES;
				COPY_PHASE_STRIP = NO;
				DEBUG_INFORMATION_FORMAT = "dwarf-with-dsym";
				ENABLE_NS_ASSERTIONS = NO;
				ENABLE_STRICT_OBJC_MSGSEND = YES;
				GCC_C_LANGUAGE_STANDARD = gnu11;
				GCC_NO_COMMON_BLOCKS = YES;
				GCC_WARN_64_TO_32_BIT_CONVERSION = YES;
				GCC_WARN_ABOUT_RETURN_TYPE = YES_ERROR;
				GCC_WARN_UNDECLARED_SELECTOR = YES;
				GCC_WARN_UNINITIALIZED_AUTOS = YES_AGGRESSIVE;
				GCC_WARN_UNUSED_FUNCTION = YES;
				GCC_WARN_UNUSED_VARIABLE = YES;
				MACOSX_DEPLOYMENT_TARGET = 12.3;
				MTL_ENABLE_DEBUG_INFO = NO;
				MTL_FAST_MATH = YES;
				OTHER_CFLAGS = "";
				SDKROOT = macosx;
			};
			name = Release;
		};
		F2E9C7F329033F48002263B6 /* Debug */ = {
			isa = XCBuildConfiguration;
			buildSettings = {
				CODE_SIGN_STYLE = Automatic;
				HEADER_SEARCH_PATHS = /opt/homebrew/include;
				LIBRARY_SEARCH_PATHS = (
					"$(inherited)",
					/opt/homebrew/Cellar/glew/2.2.0_1/lib,
					/opt/homebrew/Cellar/glfw/3.3.8/lib,
				);
				OTHER_CFLAGS = "";
				OTHER_CPLUSPLUSFLAGS = "$(OTHER_FLAGS)";
				PRODUCT_NAME = "$(TARGET_NAME)";
			};
			name = Debug;
		};
		F2E9C7F429033F48002263B6 /* Release */ = {
			isa = XCBuildConfiguration;
			buildSettings = {
				CODE_SIGN_STYLE = Automatic;
				HEADER_SEARCH_PATHS = /opt/homebrew/include;
				LIBRARY_SEARCH_PATHS = (
					"$(inherited)",
					/opt/homebrew/Cellar/glew/2.2.0_1/lib,
					/opt/homebrew/Cellar/glfw/3.3.8/lib,
				);
				OTHER_CFLAGS = "";
				OTHER_CPLUSPLUSFLAGS = "$(OTHER_FLAGS)";
				PRODUCT_NAME = "$(TARGET_NAME)";
			};
			name = Release;
		};
/* End XCBuildConfiguration section */

/* Begin XCConfigurationList section */
		F2E9C7E629033F48002263B6 /* Build configuration list for PBXProject "soft-robots" */ = {
			isa = XCConfigurationList;
			buildConfigurations = (
				F2E9C7F029033F48002263B6 /* Debug */,
				F2E9C7F129033F48002263B6 /* Release */,
			);
			defaultConfigurationIsVisible = 0;
			defaultConfigurationName = Release;
		};
		F2E9C7F229033F48002263B6 /* Build configuration list for PBXNativeTarget "soft-robots" */ = {
			isa = XCConfigurationList;
			buildConfigurations = (
				F2E9C7F329033F48002263B6 /* Debug */,
				F2E9C7F429033F48002263B6 /* Release */,
			);
			defaultConfigurationIsVisible = 0;
			defaultConfigurationName = Release;
		};
/* End XCConfigurationList section */
	};
	rootObject = F2E9C7E329033F48002263B6 /* Project object */;
}
